
Microsoft Visual Studio Solution File, Format Version 12.00
# Visual Studio 2012
Project("{FAE04EC0-301F-11D3-BF4B-00C04F79EFBC}") = "LAS.MdtClient", "LAS.MdtClient\LAS.MdtClient.csproj", "{8F4E5A2D-A24A-49CE-A68B-A56047EF139B}"
EndProject
Project("{FAE04EC0-301F-11D3-BF4B-00C04F79EFBC}") = "LAS.Server", "LAS.Server\LAS.Server.csproj", "{BC186BE7-2FDC-4315-A4BD-1C68163E0214}"
EndProject
Project("{FAE04EC0-301F-11D3-BF4B-00C04F79EFBC}") = "LAS.Core", "LAS.Core\LAS.Core.csproj", "{6D0D19CE-37E3-4D8F-97B0-3A18E2E220C4}"
EndProject
Project("{FAE04EC0-301F-11D3-BF4B-00C04F79EFBC}") = "LAS.CADConsole", "LAS.CADConsole\LAS.CADConsole.csproj", "{2F67A7DD-C296-4B55-88C7-4D20AE2647C3}"
EndProject
Project("{FAE04EC0-301F-11D3-BF4B-00C04F79EFBC}") = "LAS.Simulator", "LAS.Simulator\LAS.Simulator.csproj", "{5A0C81A1-02EC-407B-B0F2-DB69EAC2205A}"
EndProject
Project("{FAE04EC0-301F-11D3-BF4B-00C04F79EFBC}") = "LAS.ServerVisualization", "LAS.ServerVisualization\LAS.ServerVisualization.csproj", "{1AF262B9-A031-4BED-820F-9F5711F0FF85}"
EndProject
Project("{FAE04EC0-301F-11D3-BF4B-00C04F79EFBC}") = "LAS.Monitoring", "LAS.Monitoring\LAS.Monitoring.csproj", "{922569C4-683E-4513-85D8-EF00595DDFEE}"
EndProject
Project("{FAE04EC0-301F-11D3-BF4B-00C04F79EFBC}") = "OpenMapleSharp", "..\Hamm\OpenMapleSharp\OpenMapleSharp.csproj", "{000DFB47-DCB1-448D-8E68-1AC183CFB15C}"
EndProject
Global
	GlobalSection(SolutionConfigurationPlatforms) = preSolution
		Debug|x86 = Debug|x86
		Release|x86 = Release|x86
	EndGlobalSection
	GlobalSection(ProjectConfigurationPlatforms) = postSolution
		{8F4E5A2D-A24A-49CE-A68B-A56047EF139B}.Debug|x86.ActiveCfg = Debug|x86
		{8F4E5A2D-A24A-49CE-A68B-A56047EF139B}.Debug|x86.Build.0 = Debug|x86
		{8F4E5A2D-A24A-49CE-A68B-A56047EF139B}.Release|x86.ActiveCfg = Release|x86
		{8F4E5A2D-A24A-49CE-A68B-A56047EF139B}.Release|x86.Build.0 = Release|x86
		{BC186BE7-2FDC-4315-A4BD-1C68163E0214}.Debug|x86.ActiveCfg = Debug|x86
		{BC186BE7-2FDC-4315-A4BD-1C68163E0214}.Debug|x86.Build.0 = Debug|x86
		{BC186BE7-2FDC-4315-A4BD-1C68163E0214}.Release|x86.ActiveCfg = Release|x86
		{BC186BE7-2FDC-4315-A4BD-1C68163E0214}.Release|x86.Build.0 = Release|x86
		{6D0D19CE-37E3-4D8F-97B0-3A18E2E220C4}.Debug|x86.ActiveCfg = Debug|Any CPU
		{6D0D19CE-37E3-4D8F-97B0-3A18E2E220C4}.Debug|x86.Build.0 = Debug|Any CPU
		{6D0D19CE-37E3-4D8F-97B0-3A18E2E220C4}.Release|x86.ActiveCfg = Release|Any CPU
		{6D0D19CE-37E3-4D8F-97B0-3A18E2E220C4}.Release|x86.Build.0 = Release|Any CPU
		{2F67A7DD-C296-4B55-88C7-4D20AE2647C3}.Debug|x86.ActiveCfg = Debug|Any CPU
		{2F67A7DD-C296-4B55-88C7-4D20AE2647C3}.Debug|x86.Build.0 = Debug|Any CPU
		{2F67A7DD-C296-4B55-88C7-4D20AE2647C3}.Release|x86.ActiveCfg = Release|x86
		{2F67A7DD-C296-4B55-88C7-4D20AE2647C3}.Release|x86.Build.0 = Release|x86
		{5A0C81A1-02EC-407B-B0F2-DB69EAC2205A}.Debug|x86.ActiveCfg = Debug|x86
		{5A0C81A1-02EC-407B-B0F2-DB69EAC2205A}.Debug|x86.Build.0 = Debug|x86
		{5A0C81A1-02EC-407B-B0F2-DB69EAC2205A}.Release|x86.ActiveCfg = Release|x86
		{5A0C81A1-02EC-407B-B0F2-DB69EAC2205A}.Release|x86.Build.0 = Release|x86
		{1AF262B9-A031-4BED-820F-9F5711F0FF85}.Debug|x86.ActiveCfg = Debug|Any CPU
		{1AF262B9-A031-4BED-820F-9F5711F0FF85}.Debug|x86.Build.0 = Debug|Any CPU
		{1AF262B9-A031-4BED-820F-9F5711F0FF85}.Release|x86.ActiveCfg = Release|Any CPU
		{1AF262B9-A031-4BED-820F-9F5711F0FF85}.Release|x86.Build.0 = Release|Any CPU
		{922569C4-683E-4513-85D8-EF00595DDFEE}.Debug|x86.ActiveCfg = Debug|x86
		{922569C4-683E-4513-85D8-EF00595DDFEE}.Debug|x86.Build.0 = Debug|x86
		{922569C4-683E-4513-85D8-EF00595DDFEE}.Release|x86.ActiveCfg = Release|x86
		{922569C4-683E-4513-85D8-EF00595DDFEE}.Release|x86.Build.0 = Release|x86
		{000DFB47-DCB1-448D-8E68-1AC183CFB15C}.Debug|x86.ActiveCfg = Debug|Any CPU
		{000DFB47-DCB1-448D-8E68-1AC183CFB15C}.Debug|x86.Build.0 = Debug|Any CPU
		{000DFB47-DCB1-448D-8E68-1AC183CFB15C}.Release|x86.ActiveCfg = Release|Any CPU
		{000DFB47-DCB1-448D-8E68-1AC183CFB15C}.Release|x86.Build.0 = Release|Any CPU
	EndGlobalSection
	GlobalSection(MonoDevelopProperties) = preSolution
		Policies = $0
		$0.DotNetNamingPolicy = $1
		$1.DirectoryNamespaceAssociation = PrefixedHierarchical
	EndGlobalSection
EndGlobal
